
Microsoft Visual Studio Solution File, Format Version 12.00
# Visual Studio 2012
VisualStudioVersion = 12.0.31101.0
MinimumVisualStudioVersion = 10.0.40219.1
Project("{FAE04EC0-301F-11D3-BF4B-00C04F79EFBC}") = "AISModel", "AISModel\AISModel.csproj", "{485718D7-E32E-45FE-8114-A6BEF6516A87}"
EndProject
Project("{FAE04EC0-301F-11D3-BF4B-00C04F79EFBC}") = "AISAlgo", "AISAlgo\AISAlgo.csproj", "{F8EB210A-2999-47AD-9A18-FB590BBE640B}"
EndProject
Project("{FAE04EC0-301F-11D3-BF4B-00C04F79EFBC}") = "GA", "GA\GA.csproj", "{C38A3C1A-BFA7-4F7A-9D73-62D1DBE28E5C}"
EndProject
Project("{FAE04EC0-301F-11D3-BF4B-00C04F79EFBC}") = "ClonalAlgo", "ClonalAlgo\ClonalAlgo.csproj", "{00EB5C36-9AA4-4ED8-AC9F-F3D4EEED5254}"
EndProject
Project("{FAE04EC0-301F-11D3-BF4B-00C04F79EFBC}") = "ClonalAlgoGUI", "ClonalAlgoGUI\ClonalAlgoGUI.csproj", "{149C4A76-C8C8-4719-B90C-A0B3E3FAD4D7}"
EndProject
Global
	GlobalSection(SolutionConfigurationPlatforms) = preSolution
		Debug|Any CPU = Debug|Any CPU
		Release|Any CPU = Release|Any CPU
	EndGlobalSection
	GlobalSection(ProjectConfigurationPlatforms) = postSolution
		{485718D7-E32E-45FE-8114-A6BEF6516A87}.Debug|Any CPU.ActiveCfg = Debug|Any CPU
		{485718D7-E32E-45FE-8114-A6BEF6516A87}.Debug|Any CPU.Build.0 = Debug|Any CPU
		{485718D7-E32E-45FE-8114-A6BEF6516A87}.Release|Any CPU.ActiveCfg = Release|Any CPU
		{485718D7-E32E-45FE-8114-A6BEF6516A87}.Release|Any CPU.Build.0 = Release|Any CPU
		{C38A3C1A-BFA7-4F7A-9D73-62D1DBE28E5C}.Debug|Any CPU.ActiveCfg = Debug|Any CPU
		{C38A3C1A-BFA7-4F7A-9D73-62D1DBE28E5C}.Debug|Any CPU.Build.0 = Debug|Any CPU
		{C38A3C1A-BFA7-4F7A-9D73-62D1DBE28E5C}.Release|Any CPU.ActiveCfg = Release|Any CPU
		{C38A3C1A-BFA7-4F7A-9D73-62D1DBE28E5C}.Release|Any CPU.Build.0 = Release|Any CPU
		{F8EB210A-2999-47AD-9A18-FB590BBE640B}.Debug|Any CPU.ActiveCfg = Debug|Any CPU
		{F8EB210A-2999-47AD-9A18-FB590BBE640B}.Debug|Any CPU.Build.0 = Debug|Any CPU
		{F8EB210A-2999-47AD-9A18-FB590BBE640B}.Release|Any CPU.ActiveCfg = Release|Any CPU
		{F8EB210A-2999-47AD-9A18-FB590BBE640B}.Release|Any CPU.Build.0 = Release|Any CPU
		{00EB5C36-9AA4-4ED8-AC9F-F3D4EEED5254}.Debug|Any CPU.ActiveCfg = Debug|Any CPU
		{00EB5C36-9AA4-4ED8-AC9F-F3D4EEED5254}.Debug|Any CPU.Build.0 = Debug|Any CPU
		{00EB5C36-9AA4-4ED8-AC9F-F3D4EEED5254}.Release|Any CPU.ActiveCfg = Release|Any CPU
		{00EB5C36-9AA4-4ED8-AC9F-F3D4EEED5254}.Release|Any CPU.Build.0 = Release|Any CPU
		{149C4A76-C8C8-4719-B90C-A0B3E3FAD4D7}.Debug|Any CPU.ActiveCfg = Debug|Any CPU
		{149C4A76-C8C8-4719-B90C-A0B3E3FAD4D7}.Debug|Any CPU.Build.0 = Debug|Any CPU
		{149C4A76-C8C8-4719-B90C-A0B3E3FAD4D7}.Release|Any CPU.ActiveCfg = Release|Any CPU
		{149C4A76-C8C8-4719-B90C-A0B3E3FAD4D7}.Release|Any CPU.Build.0 = Release|Any CPU
	EndGlobalSection
	GlobalSection(SolutionProperties) = preSolution
		HideSolutionNode = FALSE
	EndGlobalSection
	GlobalSection(MonoDevelopProperties) = preSolution
		Policies = $0
		$0.DotNetNamingPolicy = $1
		$1.DirectoryNamespaceAssociation = None
		$1.ResourceNamePolicy = FileFormatDefault
		$0.TextStylePolicy = $2
		$2.FileWidth = 120
		$2.TabsToSpaces = False
		$2.EolMarker = Unix
		$2.inheritsSet = VisualStudio
		$2.inheritsScope = text/plain
		$2.scope = text/x-csharp
		$0.CSharpFormattingPolicy = $3
		$3.IndentSwitchSection = True
		$3.SpacingAfterMethodDeclarationName = False
		$3.SpaceAfterMethodCallName = False
		$3.SpaceBeforeOpenSquareBracket = False
		$3.inheritsSet = Mono
		$3.inheritsScope = text/x-csharp
		$3.scope = text/x-csharp
	EndGlobalSection
EndGlobal
